{
    "_readme": [
        "This file locks the dependencies of your project to a known state",
        "Read more about it at https://getcomposer.org/doc/01-basic-usage.md#installing-dependencies",
        "This file is @generated automatically"
    ],
    "content-hash": "f485923267bd251aa7ed4599d0feb1d1",
    "packages": [
        {
            "name": "vielhuber/dbhelper",
            "version": "1.8.6",
            "source": {
                "type": "git",
                "url": "https://github.com/vielhuber/dbhelper.git",
                "reference": "2956e6a912720922fcb251d3f0cce96a27ba211c"
            },
            "dist": {
                "type": "zip",
                "url": "https://api.github.com/repos/vielhuber/dbhelper/zipball/2956e6a912720922fcb251d3f0cce96a27ba211c",
                "reference": "2956e6a912720922fcb251d3f0cce96a27ba211c",
                "shasum": ""
            },
            "require": {
                "php": ">=5.6"
            },
            "require-dev": {
                "phpunit/phpunit": "^6.4"
            },
            "type": "library",
            "autoload": {
                "psr-4": {
                    "vielhuber\\dbhelper\\": "src/",
                    "Tests\\": "tests/"
                }
            },
            "notification-url": "https://packagist.org/downloads/",
            "license": [
                "MIT"
            ],
            "description": "Small PHP wrapper for mysql/pgsql databases.",
            "time": "2018-08-17T22:48:57+00:00"
        }
    ],
    "packages-dev": [],
    "aliases": [],
    "minimum-stability": "stable",
    "stability-flags": [],
    "prefer-stable": false,
    "prefer-lowest": false,
    "platform": [],
    "platform-dev": []
}
